
Microsoft Visual Studio Solution File, Format Version 12.00
# Visual Studio 15
VisualStudioVersion = 15.0.28010.2026
MinimumVisualStudioVersion = 10.0.40219.1
Project("{FAE04EC0-301F-11D3-BF4B-00C04F79EFBC}") = "VectoresParam", "VectoresParam\VectoresParam.csproj", "{06E10B42-EADC-4751-B0D5-3D376C07DA61}"
EndProject
Global
	GlobalSection(SolutionConfigurationPlatforms) = preSolution
		Debug|Any CPU = Debug|Any CPU
		Release|Any CPU = Release|Any CPU
	EndGlobalSection
	GlobalSection(ProjectConfigurationPlatforms) = postSolution
		{06E10B42-EADC-4751-B0D5-3D376C07DA61}.Debug|Any CPU.ActiveCfg = Debug|Any CPU
		{06E10B42-EADC-4751-B0D5-3D376C07DA61}.Debug|Any CPU.Build.0 = Debug|Any CPU
		{06E10B42-EADC-4751-B0D5-3D376C07DA61}.Release|Any CPU.ActiveCfg = Release|Any CPU
		{06E10B42-EADC-4751-B0D5-3D376C07DA61}.Release|Any CPU.Build.0 = Release|Any CPU
	EndGlobalSection
	GlobalSection(SolutionProperties) = preSolution
		HideSolutionNode = FALSE
	EndGlobalSection
	GlobalSection(ExtensibilityGlobals) = postSolution
		SolutionGuid = {D33FFAF7-5265-40E0-B586-072E27C9F619}
	EndGlobalSection
EndGlobal
